// !$*UTF8*$!
{
	archiveVersion = 1;
	classes = {
	};
	objectVersion = 77;
	objects = {

/* Begin PBXContainerItemProxy section */
		BF6774422F3FC00E00F93A35 /* PBXContainerItemProxy */ = {
			isa = PBXContainerItemProxy;
			containerPortal = BF6774272F3FC00A00F93A35 /* Project object */;
			proxyType = 1;
			remoteGlobalIDString = BF67742E2F3FC00A00F93A35;
			remoteInfo = FirstSGT;
		};
		BF67744C2F3FC00E00F93A35 /* PBXContainerItemProxy */ = {
			isa = PBXContainerItemProxy;
			containerPortal = BF6774272F3FC00A00F93A35 /* Project object */;
			proxyType = 1;
			remoteGlobalIDString = BF67742E2F3FC00A00F93A35;
			remoteInfo = FirstSGT;
		};
/* End PBXContainerItemProxy section */

/* Begin PBXFileReference section */
		BF67742F2F3FC00A00F93A35 /* FirstSGT.app */ = {isa = PBXFileReference; explicitFileType = wrapper.application; includeInIndex = 0; path = FirstSGT.app; sourceTree = BUILT_PRODUCTS_DIR; };
		BF6774412F3FC00E00F93A35 /* FirstSGTTests.xctest */ = {isa = PBXFileReference; explicitFileType = wrapper.cfbundle; includeInIndex = 0; path = FirstSGTTests.xctest; sourceTree = BUILT_PRODUCTS_DIR; };
		BF67744B2F3FC00E00F93A35 /* FirstSGTUITests.xctest */ = {isa = PBXFileReference; explicitFileType = wrapper.cfbundle; includeInIndex = 0; path = FirstSGTUITests.xctest; sourceTree = BUILT_PRODUCTS_DIR; };
/* End PBXFileReference section */

/* Begin PBXFileSystemSynchronizedRootGroup section */
		BF6774312F3FC00A00F93A35 /* FirstSGT */ = {
			isa = PBXFileSystemSynchronizedRootGroup;
			path = FirstSGT;
			sourceTree = "<group>";
		};
		BF6774442F3FC00E00F93A35 /* FirstSGTTests */ = {
			isa = PBXFileSystemSynchronizedRootGroup;
			path = FirstSGTTests;
			sourceTree = "<group>";
		};
		BF67744E2F3FC00E00F93A35 /* FirstSGTUITests */ = {
			isa = PBXFileSystemSynchronizedRootGroup;
			path = FirstSGTUITests;
			sourceTree = "<group>";
		};
/* End PBXFileSystemSynchronizedRootGroup section */

/* Begin PBXFrameworksBuildPhase section */
		BF67742C2F3FC00A00F93A35 /* Frameworks */ = {
			isa = PBXFrameworksBuildPhase;
			buildActionMask = 2147483647;
			files = (
			);
			runOnlyForDeploymentPostprocessing = 0;
		};
		BF67743E2F3FC00E00F93A35 /* Frameworks */ = {
			isa = PBXFrameworksBuildPhase;
			buildActionMask = 2147483647;
			files = (
			);
			runOnlyForDeploymentPostprocessing = 0;
		};
		BF6774482F3FC00E00F93A35 /* Frameworks */ = {
			isa = PBXFrameworksBuildPhase;
			buildActionMask = 2147483647;
			files = (
			);
			runOnlyForDeploymentPostprocessing = 0;
		};
/* End PBXFrameworksBuildPhase section */

/* Begin PBXGroup section */
		BF6774262F3FC00A00F93A35 = {
			isa = PBXGroup;
			children = (
				BF6774312F3FC00A00F93A35 /* FirstSGT */,
				BF6774442F3FC00E00F93A35 /* FirstSGTTests */,
				BF67744E2F3FC00E00F93A35 /* FirstSGTUITests */,
				BF6774302F3FC00A00F93A35 /* Products */,
			);
			sourceTree = "<group>";
		};
		BF6774302F3FC00A00F93A35 /* Products */ = {
			isa = PBXGroup;
			children = (
				BF67742F2F3FC00A00F93A35 /* FirstSGT.app */,
				BF6774412F3FC00E00F93A35 /* FirstSGTTests.xctest */,
				BF67744B2F3FC00E00F93A35 /* FirstSGTUITests.xctest */,
			);
			name = Products;
			sourceTree = "<group>";
		};
/* End PBXGroup section */

/* Begin PBXNativeTarget section */
		BF67742E2F3FC00A00F93A35 /* FirstSGT */ = {
			isa = PBXNativeTarget;
			buildConfigurationList = BF6774552F3FC00E00F93A35 /* Build configuration list for PBXNativeTarget "FirstSGT" */;
			buildPhases = (
				BF67742B2F3FC00A00F93A35 /* Sources */,
				BF67742C2F3FC00A00F93A35 /* Frameworks */,
				BF67742D2F3FC00A00F93A35 /* Resources */,
			);
			buildRules = (
			);
			dependencies = (
			);
			fileSystemSynchronizedGroups = (
				BF6774312F3FC00A00F93A35 /* FirstSGT */,
			);
			name = FirstSGT;
			packageProductDependencies = (
			);
			productName = FirstSGT;
			productReference = BF67742F2F3FC00A00F93A35 /* FirstSGT.app */;
			productType = "com.apple.product-type.application";
		};
		BF6774402F3FC00E00F93A35 /* FirstSGTTests */ = {
			isa = PBXNativeTarget;
			buildConfigurationList = BF6774582F3FC00E00F93A35 /* Build configuration list for PBXNativeTarget "FirstSGTTests" */;
			buildPhases = (
				BF67743D2F3FC00E00F93A35 /* Sources */,
				BF67743E2F3FC00E00F93A35 /* Frameworks */,
				BF67743F2F3FC00E00F93A35 /* Resources */,
			);
			buildRules = (
			);
			dependencies = (
				BF6774432F3FC00E00F93A35 /* PBXTargetDependency */,
			);
			fileSystemSynchronizedGroups = (
				BF6774442F3FC00E00F93A35 /* FirstSGTTests */,
			);
			name = FirstSGTTests;
			packageProductDependencies = (
			);
			productName = FirstSGTTests;
			productReference = BF6774412F3FC00E00F93A35 /* FirstSGTTests.xctest */;
			productType = "com.apple.product-type.bundle.unit-test";
		};
		BF67744A2F3FC00E00F93A35 /* FirstSGTUITests */ = {
			isa = PBXNativeTarget;
			buildConfigurationList = BF67745B2F3FC00E00F93A35 /* Build configuration list for PBXNativeTarget "FirstSGTUITests" */;
			buildPhases = (
				BF6774472F3FC00E00F93A35 /* Sources */,
				BF6774482F3FC00E00F93A35 /* Frameworks */,
				BF6774492F3FC00E00F93A35 /* Resources */,
			);
			buildRules = (
			);
			dependencies = (
				BF67744D2F3FC00E00F93A35 /* PBXTargetDependency */,
			);
			fileSystemSynchronizedGroups = (
				BF67744E2F3FC00E00F93A35 /* FirstSGTUITests */,
			);
			name = FirstSGTUITests;
			packageProductDependencies = (
			);
			productName = FirstSGTUITests;
			productReference = BF67744B2F3FC00E00F93A35 /* FirstSGTUITests.xctest */;
			productType = "com.apple.product-type.bundle.ui-testing";
		};
/* End PBXNativeTarget section */

/* Begin PBXProject section */
		BF6774272F3FC00A00F93A35 /* Project object */ = {
			isa = PBXProject;
			attributes = {
				BuildIndependentTargetsInParallel = 1;
				LastSwiftUpdateCheck = 1620;
				LastUpgradeCheck = 1620;
				TargetAttributes = {
					BF67742E2F3FC00A00F93A35 = {
						CreatedOnToolsVersion = 16.2;
					};
					BF6774402F3FC00E00F93A35 = {
						CreatedOnToolsVersion = 16.2;
						TestTargetID = BF67742E2F3FC00A00F93A35;
					};
					BF67744A2F3FC00E00F93A35 = {
						CreatedOnToolsVersion = 16.2;
						TestTargetID = BF67742E2F3FC00A00F93A35;
					};
				};
			};
			buildConfigurationList = BF67742A2F3FC00A00F93A35 /* Build configuration list for PBXProject "FirstSGT" */;
			developmentRegion = en;
			hasScannedForEncodings = 0;
			knownRegions = (
				en,
				Base,
			);
			mainGroup = BF6774262F3FC00A00F93A35;
			minimizedProjectReferenceProxies = 1;
			preferredProjectObjectVersion = 77;
			productRefGroup = BF6774302F3FC00A00F93A35 /* Products */;
			projectDirPath = "";
			projectRoot = "";
			targets = (
				BF67742E2F3FC00A00F93A35 /* FirstSGT */,
				BF6774402F3FC00E00F93A35 /* FirstSGTTests */,
				BF67744A2F3FC00E00F93A35 /* FirstSGTUITests */,
			);
		};
/* End PBXProject section */

/* Begin PBXResourcesBuildPhase section */
		BF67742D2F3FC00A00F93A35 /* Resources */ = {
			isa = PBXResourcesBuildPhase;
			buildActionMask = 2147483647;
			files = (
			);
			runOnlyForDeploymentPostprocessing = 0;
		};
		BF67743F2F3FC00E00F93A35 /* Resources */ = {
			isa = PBXResourcesBuildPhase;
			buildActionMask = 2147483647;
			files = (
			);
			runOnlyForDeploymentPostprocessing = 0;
		};
		BF6774492F3FC00E00F93A35 /* Resources */ = {
			isa = PBXResourcesBuildPhase;
			buildActionMask = 2147483647;
			files = (
			);
			runOnlyForDeploymentPostprocessing = 0;
		};
/* End PBXResourcesBuildPhase section */

/* Begin PBXSourcesBuildPhase section */
		BF67742B2F3FC00A00F93A35 /* Sources */ = {
			isa = PBXSourcesBuildPhase;
			buildActionMask = 2147483647;
			files = (
			);
			runOnlyForDeploymentPostprocessing = 0;
		};
		BF67743D2F3FC00E00F93A35 /* Sources */ = {
			isa = PBXSourcesBuildPhase;
			buildActionMask = 2147483647;
			files = (
			);
			runOnlyForDeploymentPostprocessing = 0;
		};
		BF6774472F3FC00E00F93A35 /* Sources */ = {
			isa = PBXSourcesBuildPhase;
			buildActionMask = 2147483647;
			files = (
			);
			runOnlyForDeploymentPostprocessing = 0;
		};
/* End PBXSourcesBuildPhase section */

/* Begin PBXTargetDependency section */
		BF6774432F3FC00E00F93A35 /* PBXTargetDependency */ = {
			isa = PBXTargetDependency;
			target = BF67742E2F3FC00A00F93A35 /* FirstSGT */;
			targetProxy = BF6774422F3FC00E00F93A35 /* PBXContainerItemProxy */;
		};
		BF67744D2F3FC00E00F93A35 /* PBXTargetDependency */ = {
			isa = PBXTargetDependency;
			target = BF67742E2F3FC00A00F93A35 /* FirstSGT */;
			targetProxy = BF67744C2F3FC00E00F93A35 /* PBXContainerItemProxy */;
		};
/* End PBXTargetDependency section */

/* Begin XCBuildConfiguration section */
		BF6774532F3FC00E00F93A35 /* Debug */ = {
			isa = XCBuildConfiguration;
			buildSettings = {
				ALWAYS_SEARCH_USER_PATHS = NO;
				ASSETCATALOG_COMPILER_GENERATE_SWIFT_ASSET_SYMBOL_EXTENSIONS = YES;
				CLANG_ANALYZER_NONNULL = YES;
				CLANG_ANALYZER_NUMBER_OBJECT_CONVERSION = YES_AGGRESSIVE;
				CLANG_CXX_LANGUAGE_STANDARD = "gnu++20";
				CLANG_ENABLE_MODULES = YES;
				CLANG_ENABLE_OBJC_ARC = YES;
				CLANG_ENABLE_OBJC_WEAK = YES;
				CLANG_WARN_BLOCK_CAPTURE_AUTORELEASING = YES;
				CLANG_WARN_BOOL_CONVERSION = YES;
				CLANG_WARN_COMMA = YES;
				CLANG_WARN_CONSTANT_CONVERSION = YES;
				CLANG_WARN_DEPRECATED_OBJC_IMPLEMENTATIONS = YES;
				CLANG_WARN_DIRECT_OBJC_ISA_USAGE = YES_ERROR;
				CLANG_WARN_DOCUMENTATION_COMMENTS = YES;
				CLANG_WARN_EMPTY_BODY = YES;
				CLANG_WARN_ENUM_CONVERSION = YES;
				CLANG_WARN_INFINITE_RECURSION = YES;
				CLANG_WARN_INT_CONVERSION = YES;
				CLANG_WARN_NON_LITERAL_NULL_CONVERSION = YES;
				CLANG_WARN_OBJC_IMPLICIT_RETAIN_SELF = YES;
				CLANG_WARN_OBJC_LITERAL_CONVERSION = YES;
				CLANG_WARN_OBJC_ROOT_CLASS = YES_ERROR;
				CLANG_WARN_QUOTED_INCLUDE_IN_FRAMEWORK_HEADER = YES;
				CLANG_WARN_RANGE_LOOP_ANALYSIS = YES;
				CLANG_WARN_STRICT_PROTOTYPES = YES;
				CLANG_WARN_SUSPICIOUS_MOVE = YES;
				CLANG_WARN_UNGUARDED_AVAILABILITY = YES_AGGRESSIVE;
				CLANG_WARN_UNREACHABLE_CODE = YES;
				CLANG_WARN__DUPLICATE_METHOD_MATCH = YES;
				COPY_PHASE_STRIP = NO;
				DEBUG_INFORMATION_FORMAT = dwarf;
				ENABLE_STRICT_OBJC_MSGSEND = YES;
				ENABLE_TESTABILITY = YES;
				ENABLE_USER_SCRIPT_SANDBOXING = YES;
				GCC_C_LANGUAGE_STANDARD = gnu17;
				GCC_DYNAMIC_NO_PIC = NO;
				GCC_NO_COMMON_BLOCKS = YES;
				GCC_OPTIMIZATION_LEVEL = 0;
				GCC_PREPROCESSOR_DEFINITIONS = (
					"DEBUG=1",
					"$(inherited)",
				);
				GCC_WARN_64_TO_32_BIT_CONVERSION = YES;
				GCC_WARN_ABOUT_RETURN_TYPE = YES_ERROR;
				GCC_WARN_UNDECLARED_SELECTOR = YES;
				GCC_WARN_UNINITIALIZED_AUTOS = YES_AGGRESSIVE;
				GCC_WARN_UNUSED_FUNCTION = YES;
				GCC_WARN_UNUSED_VARIABLE = YES;
				IPHONEOS_DEPLOYMENT_TARGET = 18.2;
				LOCALIZATION_PREFERS_STRING_CATALOGS = YES;
				MTL_ENABLE_DEBUG_INFO = INCLUDE_SOURCE;
				MTL_FAST_MATH = YES;
				ONLY_ACTIVE_ARCH = YES;
				SDKROOT = iphoneos;
				SWIFT_ACTIVE_COMPILATION_CONDITIONS = "DEBUG $(inherited)";
				SWIFT_OPTIMIZATION_LEVEL = "-Onone";
			};
			name = Debug;
		};
		BF6774542F3FC00E00F93A35 /* Release */ = {
			isa = XCBuildConfiguration;
			buildSettings = {
				ALWAYS_SEARCH_USER_PATHS = NO;
				ASSETCATALOG_COMPILER_GENERATE_SWIFT_ASSET_SYMBOL_EXTENSIONS = YES;
				CLANG_ANALYZER_NONNULL = YES;
				CLANG_ANALYZER_NUMBER_OBJECT_CONVERSION = YES_AGGRESSIVE;
				CLANG_CXX_LANGUAGE_STANDARD = "gnu++20";
				CLANG_ENABLE_MODULES = YES;
				CLANG_ENABLE_OBJC_ARC = YES;
				CLANG_ENABLE_OBJC_WEAK = YES;
				CLANG_WARN_BLOCK_CAPTURE_AUTORELEASING = YES;
				CLANG_WARN_BOOL_CONVERSION = YES;
				CLANG_WARN_COMMA = YES;
				CLANG_WARN_CONSTANT_CONVERSION = YES;
				CLANG_WARN_DEPRECATED_OBJC_IMPLEMENTATIONS = YES;
				CLANG_WARN_DIRECT_OBJC_ISA_USAGE = YES_ERROR;
				CLANG_WARN_DOCUMENTATION_COMMENTS = YES;
				CLANG_WARN_EMPTY_BODY = YES;
				CLANG_WARN_ENUM_CONVERSION = YES;
				CLANG_WARN_INFINITE_RECURSION = YES;
				CLANG_WARN_INT_CONVERSION = YES;
				CLANG_WARN_NON_LITERAL_NULL_CONVERSION = YES;
				CLANG_WARN_OBJC_IMPLICIT_RETAIN_SELF = YES;
				CLANG_WARN_OBJC_LITERAL_CONVERSION = YES;
				CLANG_WARN_OBJC_ROOT_CLASS = YES_ERROR;
				CLANG_WARN_QUOTED_INCLUDE_IN_FRAMEWORK_HEADER = YES;
				CLANG_WARN_RANGE_LOOP_ANALYSIS = YES;
				CLANG_WARN_STRICT_PROTOTYPES = YES;
				CLANG_WARN_SUSPICIOUS_MOVE = YES;
				CLANG_WARN_UNGUARDED_AVAILABILITY = YES_AGGRESSIVE;
				CLANG_WARN_UNREACHABLE_CODE = YES;
				CLANG_WARN__DUPLICATE_METHOD_MATCH = YES;
				COPY_PHASE_STRIP = NO;
				DEBUG_INFORMATION_FORMAT = "dwarf-with-dsym";
				ENABLE_NS_ASSERTIONS = NO;
				ENABLE_STRICT_OBJC_MSGSEND = YES;
				ENABLE_USER_SCRIPT_SANDBOXING = YES;
				GCC_C_LANGUAGE_STANDARD = gnu17;
				GCC_NO_COMMON_BLOCKS = YES;
				GCC_WARN_64_TO_32_BIT_CONVERSION = YES;
				GCC_WARN_ABOUT_RETURN_TYPE = YES_ERROR;
				GCC_WARN_UNDECLARED_SELECTOR = YES;
				GCC_WARN_UNINITIALIZED_AUTOS = YES_AGGRESSIVE;
				GCC_WARN_UNUSED_FUNCTION = YES;
				GCC_WARN_UNUSED_VARIABLE = YES;
				IPHONEOS_DEPLOYMENT_TARGET = 18.2;
				LOCALIZATION_PREFERS_STRING_CATALOGS = YES;
				MTL_ENABLE_DEBUG_INFO = NO;
				MTL_FAST_MATH = YES;
				SDKROOT = iphoneos;
				SWIFT_COMPILATION_MODE = wholemodule;
				VALIDATE_PRODUCT = YES;
			};
			name = Release;
		};
		BF6774562F3FC00E00F93A35 /* Debug */ = {
			isa = XCBuildConfiguration;
			buildSettings = {
				ASSETCATALOG_COMPILER_APPICON_NAME = AppIcon;
				ASSETCATALOG_COMPILER_GLOBAL_ACCENT_COLOR_NAME = AccentColor;
				CODE_SIGN_STYLE = Automatic;
				CURRENT_PROJECT_VERSION = 1;
				DEVELOPMENT_ASSET_PATHS = "\"FirstSGT/Preview Content\"";
				DEVELOPMENT_TEAM = 74JNGCVVMG;
				ENABLE_PREVIEWS = YES;
				GENERATE_INFOPLIST_FILE = YES;
				INFOPLIST_KEY_UIApplicationSceneManifest_Generation = YES;
				INFOPLIST_KEY_UIApplicationSupportsIndirectInputEvents = YES;
				INFOPLIST_KEY_UILaunchScreen_Generation = YES;
				INFOPLIST_KEY_UISupportedInterfaceOrientations_iPad = "UIInterfaceOrientationPortrait UIInterfaceOrientationPortraitUpsideDown UIInterfaceOrientationLandscapeLeft UIInterfaceOrientationLandscapeRight";
				INFOPLIST_KEY_UISupportedInterfaceOrientations_iPhone = "UIInterfaceOrientationPortrait UIInterfaceOrientationLandscapeLeft UIInterfaceOrientationLandscapeRight";
				IPHONEOS_DEPLOYMENT_TARGET = 16.4;
				"IPHONEOS_DEPLOYMENT_TARGET[sdk=iphoneos*]" = 16.4;
				LD_RUNPATH_SEARCH_PATHS = (
					"$(inherited)",
					"@executable_path/Frameworks",
				);
				MARKETING_VERSION = 1.0;
				PRODUCT_BUNDLE_IDENTIFIER = com.ploso.FirstSGT;
				PRODUCT_NAME = "$(TARGET_NAME)";
				SWIFT_EMIT_LOC_STRINGS = YES;
				SWIFT_VERSION = 6.0;
				TARGETED_DEVICE_FAMILY = "1,2";
			};
			name = Debug;
		};
		BF6774572F3FC00E00F93A35 /* Release */ = {
			isa = XCBuildConfiguration;
			buildSettings = {
				ASSETCATALOG_COMPILER_APPICON_NAME = AppIcon;
				ASSETCATALOG_COMPILER_GLOBAL_ACCENT_COLOR_NAME = AccentColor;
				CODE_SIGN_STYLE = Automatic;
				CURRENT_PROJECT_VERSION = 1;
				DEVELOPMENT_ASSET_PATHS = "\"FirstSGT/Preview Content\"";
				DEVELOPMENT_TEAM = 74JNGCVVMG;
				ENABLE_PREVIEWS = YES;
				GENERATE_INFOPLIST_FILE = YES;
				INFOPLIST_KEY_UIApplicationSceneManifest_Generation = YES;
				INFOPLIST_KEY_UIApplicationSupportsIndirectInputEvents = YES;
				INFOPLIST_KEY_UILaunchScreen_Generation = YES;
				INFOPLIST_KEY_UISupportedInterfaceOrientations_iPad = "UIInterfaceOrientationPortrait UIInterfaceOrientationPortraitUpsideDown UIInterfaceOrientationLandscapeLeft UIInterfaceOrientationLandscapeRight";
				INFOPLIST_KEY_UISupportedInterfaceOrientations_iPhone = "UIInterfaceOrientationPortrait UIInterfaceOrientationLandscapeLeft UIInterfaceOrientationLandscapeRight";
				IPHONEOS_DEPLOYMENT_TARGET = 16.4;
				LD_RUNPATH_SEARCH_PATHS = (
					"$(inherited)",
					"@executable_path/Frameworks",
				);
				MARKETING_VERSION = 1.0;
				PRODUCT_BUNDLE_IDENTIFIER = com.ploso.FirstSGT;
				PRODUCT_NAME = "$(TARGET_NAME)";
				SWIFT_EMIT_LOC_STRINGS = YES;
				SWIFT_VERSION = 6.0;
				TARGETED_DEVICE_FAMILY = "1,2";
			};
			name = Release;
		};
		BF6774592F3FC00E00F93A35 /* Debug */ = {
			isa = XCBuildConfiguration;
			buildSettings = {
				BUNDLE_LOADER = "$(TEST_HOST)";
				CODE_SIGN_STYLE = Automatic;
				CURRENT_PROJECT_VERSION = 1;
				DEVELOPMENT_TEAM = 74JNGCVVMG;
				GENERATE_INFOPLIST_FILE = YES;
				IPHONEOS_DEPLOYMENT_TARGET = 18.2;
				MARKETING_VERSION = 1.0;
				PRODUCT_BUNDLE_IDENTIFIER = com.ploso.FirstSGTTests;
				PRODUCT_NAME = "$(TARGET_NAME)";
				SWIFT_EMIT_LOC_STRINGS = NO;
				SWIFT_VERSION = 5.0;
				TARGETED_DEVICE_FAMILY = "1,2";
				TEST_HOST = "$(BUILT_PRODUCTS_DIR)/FirstSGT.app/$(BUNDLE_EXECUTABLE_FOLDER_PATH)/FirstSGT";
			};
			name = Debug;
		};
		BF67745A2F3FC00E00F93A35 /* Release */ = {
			isa = XCBuildConfiguration;
			buildSettings = {
				BUNDLE_LOADER = "$(TEST_HOST)";
				CODE_SIGN_STYLE = Automatic;
				CURRENT_PROJECT_VERSION = 1;
				DEVELOPMENT_TEAM = 74JNGCVVMG;
				GENERATE_INFOPLIST_FILE = YES;
				IPHONEOS_DEPLOYMENT_TARGET = 18.2;
				MARKETING_VERSION = 1.0;
				PRODUCT_BUNDLE_IDENTIFIER = com.ploso.FirstSGTTests;
				PRODUCT_NAME = "$(TARGET_NAME)";
				SWIFT_EMIT_LOC_STRINGS = NO;
				SWIFT_VERSION = 5.0;
				TARGETED_DEVICE_FAMILY = "1,2";
				TEST_HOST = "$(BUILT_PRODUCTS_DIR)/FirstSGT.app/$(BUNDLE_EXECUTABLE_FOLDER_PATH)/FirstSGT";
			};
			name = Release;
		};
		BF67745C2F3FC00E00F93A35 /* Debug */ = {
			isa = XCBuildConfiguration;
			buildSettings = {
				CODE_SIGN_STYLE = Automatic;
				CURRENT_PROJECT_VERSION = 1;
				DEVELOPMENT_TEAM = 74JNGCVVMG;
				GENERATE_INFOPLIST_FILE = YES;
				MARKETING_VERSION = 1.0;
				PRODUCT_BUNDLE_IDENTIFIER = com.ploso.FirstSGTUITests;
				PRODUCT_NAME = "$(TARGET_NAME)";
				SWIFT_EMIT_LOC_STRINGS = NO;
				SWIFT_VERSION = 5.0;
				TARGETED_DEVICE_FAMILY = "1,2";
				TEST_TARGET_NAME = FirstSGT;
			};
			name = Debug;
		};
		BF67745D2F3FC00E00F93A35 /* Release */ = {
			isa = XCBuildConfiguration;
			buildSettings = {
				CODE_SIGN_STYLE = Automatic;
				CURRENT_PROJECT_VERSION = 1;
				DEVELOPMENT_TEAM = 74JNGCVVMG;
				GENERATE_INFOPLIST_FILE = YES;
				MARKETING_VERSION = 1.0;
				PRODUCT_BUNDLE_IDENTIFIER = com.ploso.FirstSGTUITests;
				PRODUCT_NAME = "$(TARGET_NAME)";
				SWIFT_EMIT_LOC_STRINGS = NO;
				SWIFT_VERSION = 5.0;
				TARGETED_DEVICE_FAMILY = "1,2";
				TEST_TARGET_NAME = FirstSGT;
			};
			name = Release;
		};
/* End XCBuildConfiguration section */

/* Begin XCConfigurationList section */
		BF67742A2F3FC00A00F93A35 /* Build configuration list for PBXProject "FirstSGT" */ = {
			isa = XCConfigurationList;
			buildConfigurations = (
				BF6774532F3FC00E00F93A35 /* Debug */,
				BF6774542F3FC00E00F93A35 /* Release */,
			);
			defaultConfigurationIsVisible = 0;
			defaultConfigurationName = Release;
		};
		BF6774552F3FC00E00F93A35 /* Build configuration list for PBXNativeTarget "FirstSGT" */ = {
			isa = XCConfigurationList;
			buildConfigurations = (
				BF6774562F3FC00E00F93A35 /* Debug */,
				BF6774572F3FC00E00F93A35 /* Release */,
			);
			defaultConfigurationIsVisible = 0;
			defaultConfigurationName = Release;
		};
		BF6774582F3FC00E00F93A35 /* Build configuration list for PBXNativeTarget "FirstSGTTests" */ = {
			isa = XCConfigurationList;
			buildConfigurations = (
				BF6774592F3FC00E00F93A35 /* Debug */,
				BF67745A2F3FC00E00F93A35 /* Release */,
			);
			defaultConfigurationIsVisible = 0;
			defaultConfigurationName = Release;
		};
		BF67745B2F3FC00E00F93A35 /* Build configuration list for PBXNativeTarget "FirstSGTUITests" */ = {
			isa = XCConfigurationList;
			buildConfigurations = (
				BF67745C2F3FC00E00F93A35 /* Debug */,
				BF67745D2F3FC00E00F93A35 /* Release */,
			);
			defaultConfigurationIsVisible = 0;
			defaultConfigurationName = Release;
		};
/* End XCConfigurationList section */
	};
	rootObject = BF6774272F3FC00A00F93A35 /* Project object */;
}
